// !$*UTF8*$!
{
	archiveVersion = 1;
	classes = {
	};
	objectVersion = 50;
	objects = {

/* Begin PBXBuildFile section */
		F25A8A5A250A00F400E28386 /* Authentication.swift in Sources */ = {isa = PBXBuildFile; fileRef = F25A8A59250A00F400E28386 /* Authentication.swift */; };
		F25A8A5D250A084F00E28386 /* AuthenticationTest.swift in Sources */ = {isa = PBXBuildFile; fileRef = F25A8A5C250A084F00E28386 /* AuthenticationTest.swift */; };
		F25A8A61250A147F00E28386 /* CharacterServiceTest.swift in Sources */ = {isa = PBXBuildFile; fileRef = F25A8A60250A147F00E28386 /* CharacterServiceTest.swift */; };
		F27CE6002508A33800B402CE /* CharactersTest.swift in Sources */ = {isa = PBXBuildFile; fileRef = F27CE5FF2508A33800B402CE /* CharactersTest.swift */; };
		F27CE6032508A3E000B402CE /* InMemoryStore.swift in Sources */ = {isa = PBXBuildFile; fileRef = F27CE6022508A3E000B402CE /* InMemoryStore.swift */; };
		F27CE6092508A66000B402CE /* Comics.json in Resources */ = {isa = PBXBuildFile; fileRef = F27CE6082508A66000B402CE /* Comics.json */; };
		F2883EAD2510940700B833F0 /* ViewModel.swift in Sources */ = {isa = PBXBuildFile; fileRef = F2883EAC2510940700B833F0 /* ViewModel.swift */; };
		F2951C162507990300B9EFE3 /* AppDelegate.swift in Sources */ = {isa = PBXBuildFile; fileRef = F2951C152507990300B9EFE3 /* AppDelegate.swift */; };
		F2951C182507990300B9EFE3 /* SceneDelegate.swift in Sources */ = {isa = PBXBuildFile; fileRef = F2951C172507990300B9EFE3 /* SceneDelegate.swift */; };
		F2951C1A2507990300B9EFE3 /* ViewController.swift in Sources */ = {isa = PBXBuildFile; fileRef = F2951C192507990300B9EFE3 /* ViewController.swift */; };
		F2951C1D2507990300B9EFE3 /* Main.storyboard in Resources */ = {isa = PBXBuildFile; fileRef = F2951C1B2507990300B9EFE3 /* Main.storyboard */; };
		F2951C202507990300B9EFE3 /* Mylivn.xcdatamodeld in Sources */ = {isa = PBXBuildFile; fileRef = F2951C1E2507990300B9EFE3 /* Mylivn.xcdatamodeld */; };
		F2951C222507990A00B9EFE3 /* Assets.xcassets in Resources */ = {isa = PBXBuildFile; fileRef = F2951C212507990A00B9EFE3 /* Assets.xcassets */; };
		F2951C252507990A00B9EFE3 /* LaunchScreen.storyboard in Resources */ = {isa = PBXBuildFile; fileRef = F2951C232507990A00B9EFE3 /* LaunchScreen.storyboard */; };
		F2951C3B2507990B00B9EFE3 /* MylivnUITests.swift in Sources */ = {isa = PBXBuildFile; fileRef = F2951C3A2507990B00B9EFE3 /* MylivnUITests.swift */; };
		F2951C5525079D9200B9EFE3 /* Character+CoreDataClass.swift in Sources */ = {isa = PBXBuildFile; fileRef = F2951C5125079D9200B9EFE3 /* Character+CoreDataClass.swift */; };
		F2951C5725079D9200B9EFE3 /* Comic+CoreDataClass.swift in Sources */ = {isa = PBXBuildFile; fileRef = F2951C5325079D9200B9EFE3 /* Comic+CoreDataClass.swift */; };
		F29A4F60250F519400B3E638 /* CharacterCollectionViewCell.swift in Sources */ = {isa = PBXBuildFile; fileRef = F29A4F5F250F519400B3E638 /* CharacterCollectionViewCell.swift */; };
		F29A4F62250F850C00B3E638 /* ComicCollectionViewCell.swift in Sources */ = {isa = PBXBuildFile; fileRef = F29A4F61250F850C00B3E638 /* ComicCollectionViewCell.swift */; };
		F2B218B0250DE8E8007CB48F /* ComicResult+CoreDataClass.swift in Sources */ = {isa = PBXBuildFile; fileRef = F2B218AE250DE8E8007CB48F /* ComicResult+CoreDataClass.swift */; };
		F2B218B3250DED67007CB48F /* ComicsTest.swift in Sources */ = {isa = PBXBuildFile; fileRef = F2B218B2250DED67007CB48F /* ComicsTest.swift */; };
		F2B218B5250DF2A3007CB48F /* ComicServiceType.swift in Sources */ = {isa = PBXBuildFile; fileRef = F2B218B4250DF2A3007CB48F /* ComicServiceType.swift */; };
		F2B218B7250DF2C5007CB48F /* ComicService.swift in Sources */ = {isa = PBXBuildFile; fileRef = F2B218B6250DF2C5007CB48F /* ComicService.swift */; };
		F2B218B9250E0B28007CB48F /* ComicServiceTest.swift in Sources */ = {isa = PBXBuildFile; fileRef = F2B218B8250E0B28007CB48F /* ComicServiceTest.swift */; };
		F2C919532508E32400B65FDE /* CharacterServiceType.swift in Sources */ = {isa = PBXBuildFile; fileRef = F2C919522508E32400B65FDE /* CharacterServiceType.swift */; };
		F2C919552508E34500B65FDE /* CharacterService.swift in Sources */ = {isa = PBXBuildFile; fileRef = F2C919542508E34500B65FDE /* CharacterService.swift */; };
		F2D4C5602508B4FF00899CDE /* CharacterResult+CoreDataClass.swift in Sources */ = {isa = PBXBuildFile; fileRef = F2D4C55E2508B4FF00899CDE /* CharacterResult+CoreDataClass.swift */; };
		F2D4C5652508C38B00899CDE /* Characters.json in Resources */ = {isa = PBXBuildFile; fileRef = F27CE6062508A63400B402CE /* Characters.json */; };
/* End PBXBuildFile section */

/* Begin PBXContainerItemProxy section */
		F2951C2C2507990A00B9EFE3 /* PBXContainerItemProxy */ = {
			isa = PBXContainerItemProxy;
			containerPortal = F2951C0A2507990300B9EFE3 /* Project object */;
			proxyType = 1;
			remoteGlobalIDString = F2951C112507990300B9EFE3;
			remoteInfo = Mylivn;
		};
		F2951C372507990B00B9EFE3 /* PBXContainerItemProxy */ = {
			isa = PBXContainerItemProxy;
			containerPortal = F2951C0A2507990300B9EFE3 /* Project object */;
			proxyType = 1;
			remoteGlobalIDString = F2951C112507990300B9EFE3;
			remoteInfo = Mylivn;
		};
/* End PBXContainerItemProxy section */

/* Begin PBXFileReference section */
		F25A8A59250A00F400E28386 /* Authentication.swift */ = {isa = PBXFileReference; lastKnownFileType = sourcecode.swift; path = Authentication.swift; sourceTree = "<group>"; };
		F25A8A5C250A084F00E28386 /* AuthenticationTest.swift */ = {isa = PBXFileReference; lastKnownFileType = sourcecode.swift; path = AuthenticationTest.swift; sourceTree = "<group>"; };
		F25A8A60250A147F00E28386 /* CharacterServiceTest.swift */ = {isa = PBXFileReference; lastKnownFileType = sourcecode.swift; path = CharacterServiceTest.swift; sourceTree = "<group>"; };
		F27CE5FF2508A33800B402CE /* CharactersTest.swift */ = {isa = PBXFileReference; lastKnownFileType = sourcecode.swift; path = CharactersTest.swift; sourceTree = "<group>"; };
		F27CE6022508A3E000B402CE /* InMemoryStore.swift */ = {isa = PBXFileReference; fileEncoding = 4; lastKnownFileType = sourcecode.swift; path = InMemoryStore.swift; sourceTree = "<group>"; };
		F27CE6062508A63400B402CE /* Characters.json */ = {isa = PBXFileReference; lastKnownFileType = text.json; path = Characters.json; sourceTree = "<group>"; };
		F27CE6082508A66000B402CE /* Comics.json */ = {isa = PBXFileReference; lastKnownFileType = text.json; path = Comics.json; sourceTree = "<group>"; };
		F2883EAC2510940700B833F0 /* ViewModel.swift */ = {isa = PBXFileReference; lastKnownFileType = sourcecode.swift; path = ViewModel.swift; sourceTree = "<group>"; };
		F2951C122507990300B9EFE3 /* Mylivn.app */ = {isa = PBXFileReference; explicitFileType = wrapper.application; includeInIndex = 0; path = Mylivn.app; sourceTree = BUILT_PRODUCTS_DIR; };
		F2951C152507990300B9EFE3 /* AppDelegate.swift */ = {isa = PBXFileReference; lastKnownFileType = sourcecode.swift; path = AppDelegate.swift; sourceTree = "<group>"; };
		F2951C172507990300B9EFE3 /* SceneDelegate.swift */ = {isa = PBXFileReference; lastKnownFileType = sourcecode.swift; path = SceneDelegate.swift; sourceTree = "<group>"; };
		F2951C192507990300B9EFE3 /* ViewController.swift */ = {isa = PBXFileReference; lastKnownFileType = sourcecode.swift; path = ViewController.swift; sourceTree = "<group>"; };
		F2951C1C2507990300B9EFE3 /* Base */ = {isa = PBXFileReference; lastKnownFileType = file.storyboard; name = Base; path = Base.lproj/Main.storyboard; sourceTree = "<group>"; };
		F2951C1F2507990300B9EFE3 /* Mylivn.xcdatamodel */ = {isa = PBXFileReference; lastKnownFileType = wrapper.xcdatamodel; path = Mylivn.xcdatamodel; sourceTree = "<group>"; };
		F2951C212507990A00B9EFE3 /* Assets.xcassets */ = {isa = PBXFileReference; lastKnownFileType = folder.assetcatalog; path = Assets.xcassets; sourceTree = "<group>"; };
		F2951C242507990A00B9EFE3 /* Base */ = {isa = PBXFileReference; lastKnownFileType = file.storyboard; name = Base; path = Base.lproj/LaunchScreen.storyboard; sourceTree = "<group>"; };
		F2951C262507990A00B9EFE3 /* Info.plist */ = {isa = PBXFileReference; lastKnownFileType = text.plist.xml; path = Info.plist; sourceTree = "<group>"; };
		F2951C2B2507990A00B9EFE3 /* MylivnTests.xctest */ = {isa = PBXFileReference; explicitFileType = wrapper.cfbundle; includeInIndex = 0; path = MylivnTests.xctest; sourceTree = BUILT_PRODUCTS_DIR; };
		F2951C312507990B00B9EFE3 /* Info.plist */ = {isa = PBXFileReference; lastKnownFileType = text.plist.xml; path = Info.plist; sourceTree = "<group>"; };
		F2951C362507990B00B9EFE3 /* MylivnUITests.xctest */ = {isa = PBXFileReference; explicitFileType = wrapper.cfbundle; includeInIndex = 0; path = MylivnUITests.xctest; sourceTree = BUILT_PRODUCTS_DIR; };
		F2951C3A2507990B00B9EFE3 /* MylivnUITests.swift */ = {isa = PBXFileReference; lastKnownFileType = sourcecode.swift; path = MylivnUITests.swift; sourceTree = "<group>"; };
		F2951C3C2507990B00B9EFE3 /* Info.plist */ = {isa = PBXFileReference; lastKnownFileType = text.plist.xml; path = Info.plist; sourceTree = "<group>"; };
		F2951C5125079D9200B9EFE3 /* Character+CoreDataClass.swift */ = {isa = PBXFileReference; lastKnownFileType = sourcecode.swift; path = "Character+CoreDataClass.swift"; sourceTree = "<group>"; };
		F2951C5325079D9200B9EFE3 /* Comic+CoreDataClass.swift */ = {isa = PBXFileReference; lastKnownFileType = sourcecode.swift; path = "Comic+CoreDataClass.swift"; sourceTree = "<group>"; };
		F29A4F5F250F519400B3E638 /* CharacterCollectionViewCell.swift */ = {isa = PBXFileReference; lastKnownFileType = sourcecode.swift; path = CharacterCollectionViewCell.swift; sourceTree = "<group>"; };
		F29A4F61250F850C00B3E638 /* ComicCollectionViewCell.swift */ = {isa = PBXFileReference; lastKnownFileType = sourcecode.swift; path = ComicCollectionViewCell.swift; sourceTree = "<group>"; };
		F2B218AE250DE8E8007CB48F /* ComicResult+CoreDataClass.swift */ = {isa = PBXFileReference; lastKnownFileType = sourcecode.swift; path = "ComicResult+CoreDataClass.swift"; sourceTree = "<group>"; };
		F2B218B2250DED67007CB48F /* ComicsTest.swift */ = {isa = PBXFileReference; lastKnownFileType = sourcecode.swift; path = ComicsTest.swift; sourceTree = "<group>"; };
		F2B218B4250DF2A3007CB48F /* ComicServiceType.swift */ = {isa = PBXFileReference; lastKnownFileType = sourcecode.swift; path = ComicServiceType.swift; sourceTree = "<group>"; };
		F2B218B6250DF2C5007CB48F /* ComicService.swift */ = {isa = PBXFileReference; lastKnownFileType = sourcecode.swift; path = ComicService.swift; sourceTree = "<group>"; };
		F2B218B8250E0B28007CB48F /* ComicServiceTest.swift */ = {isa = PBXFileReference; lastKnownFileType = sourcecode.swift; path = ComicServiceTest.swift; sourceTree = "<group>"; };
		F2C919522508E32400B65FDE /* CharacterServiceType.swift */ = {isa = PBXFileReference; lastKnownFileType = sourcecode.swift; path = CharacterServiceType.swift; sourceTree = "<group>"; };
		F2C919542508E34500B65FDE /* CharacterService.swift */ = {isa = PBXFileReference; lastKnownFileType = sourcecode.swift; path = CharacterService.swift; sourceTree = "<group>"; };
		F2D4C55E2508B4FF00899CDE /* CharacterResult+CoreDataClass.swift */ = {isa = PBXFileReference; lastKnownFileType = sourcecode.swift; path = "CharacterResult+CoreDataClass.swift"; sourceTree = "<group>"; };
/* End PBXFileReference section */

/* Begin PBXFrameworksBuildPhase section */
		F2951C0F2507990300B9EFE3 /* Frameworks */ = {
			isa = PBXFrameworksBuildPhase;
			buildActionMask = 2147483647;
			files = (
			);
			runOnlyForDeploymentPostprocessing = 0;
		};
		F2951C282507990A00B9EFE3 /* Frameworks */ = {
			isa = PBXFrameworksBuildPhase;
			buildActionMask = 2147483647;
			files = (
			);
			runOnlyForDeploymentPostprocessing = 0;
		};
		F2951C332507990B00B9EFE3 /* Frameworks */ = {
			isa = PBXFrameworksBuildPhase;
			buildActionMask = 2147483647;
			files = (
			);
			runOnlyForDeploymentPostprocessing = 0;
		};
/* End PBXFrameworksBuildPhase section */

/* Begin PBXGroup section */
		F25A8A5B250A080C00E28386 /* Service */ = {
			isa = PBXGroup;
			children = (
				F25A8A5C250A084F00E28386 /* AuthenticationTest.swift */,
				F25A8A60250A147F00E28386 /* CharacterServiceTest.swift */,
				F2B218B8250E0B28007CB48F /* ComicServiceTest.swift */,
			);
			path = Service;
			sourceTree = "<group>";
		};
		F260AE7C250F3DF200D054F8 /* View */ = {
			isa = PBXGroup;
			children = (
				F29A4F5E250F516000B3E638 /* Cell */,
				F2951C1B2507990300B9EFE3 /* Main.storyboard */,
				F2951C192507990300B9EFE3 /* ViewController.swift */,
			);
			path = View;
			sourceTree = "<group>";
		};
		F27CE6012508A33E00B402CE /* Model */ = {
			isa = PBXGroup;
			children = (
				F27CE6022508A3E000B402CE /* InMemoryStore.swift */,
				F27CE5FF2508A33800B402CE /* CharactersTest.swift */,
				F2B218B2250DED67007CB48F /* ComicsTest.swift */,
				F27CE6062508A63400B402CE /* Characters.json */,
				F27CE6082508A66000B402CE /* Comics.json */,
			);
			path = Model;
			sourceTree = "<group>";
		};
		F2883EA9251093C200B833F0 /* ViewModel */ = {
			isa = PBXGroup;
			children = (
				F2883EAC2510940700B833F0 /* ViewModel.swift */,
			);
			path = ViewModel;
			sourceTree = "<group>";
		};
		F2951C092507990300B9EFE3 = {
			isa = PBXGroup;
			children = (
				F2951C142507990300B9EFE3 /* Mylivn */,
				F2951C2E2507990B00B9EFE3 /* MylivnTests */,
				F2951C392507990B00B9EFE3 /* MylivnUITests */,
				F2951C132507990300B9EFE3 /* Products */,
			);
			sourceTree = "<group>";
		};
		F2951C132507990300B9EFE3 /* Products */ = {
			isa = PBXGroup;
			children = (
				F2951C122507990300B9EFE3 /* Mylivn.app */,
				F2951C2B2507990A00B9EFE3 /* MylivnTests.xctest */,
				F2951C362507990B00B9EFE3 /* MylivnUITests.xctest */,
			);
			name = Products;
			sourceTree = "<group>";
		};
		F2951C142507990300B9EFE3 /* Mylivn */ = {
			isa = PBXGroup;
			children = (
				F2883EA9251093C200B833F0 /* ViewModel */,
				F260AE7C250F3DF200D054F8 /* View */,
				F2C919512508E30000B65FDE /* Service */,
				F2951C4825079D0000B9EFE3 /* Model */,
				F2951C152507990300B9EFE3 /* AppDelegate.swift */,
				F2951C172507990300B9EFE3 /* SceneDelegate.swift */,
				F2951C212507990A00B9EFE3 /* Assets.xcassets */,
				F2951C232507990A00B9EFE3 /* LaunchScreen.storyboard */,
				F2951C262507990A00B9EFE3 /* Info.plist */,
			);
			path = Mylivn;
			sourceTree = "<group>";
		};
		F2951C2E2507990B00B9EFE3 /* MylivnTests */ = {
			isa = PBXGroup;
			children = (
				F25A8A5B250A080C00E28386 /* Service */,
				F27CE6012508A33E00B402CE /* Model */,
				F2951C312507990B00B9EFE3 /* Info.plist */,
			);
			path = MylivnTests;
			sourceTree = "<group>";
		};
		F2951C392507990B00B9EFE3 /* MylivnUITests */ = {
			isa = PBXGroup;
			children = (
				F2951C3A2507990B00B9EFE3 /* MylivnUITests.swift */,
				F2951C3C2507990B00B9EFE3 /* Info.plist */,
			);
			path = MylivnUITests;
			sourceTree = "<group>";
		};
		F2951C4825079D0000B9EFE3 /* Model */ = {
			isa = PBXGroup;
			children = (
				F2B218AE250DE8E8007CB48F /* ComicResult+CoreDataClass.swift */,
				F2D4C55E2508B4FF00899CDE /* CharacterResult+CoreDataClass.swift */,
				F2951C5125079D9200B9EFE3 /* Character+CoreDataClass.swift */,
				F2951C5325079D9200B9EFE3 /* Comic+CoreDataClass.swift */,
				F2951C1E2507990300B9EFE3 /* Mylivn.xcdatamodeld */,
			);
			path = Model;
			sourceTree = "<group>";
		};
		F29A4F5E250F516000B3E638 /* Cell */ = {
			isa = PBXGroup;
			children = (
				F29A4F5F250F519400B3E638 /* CharacterCollectionViewCell.swift */,
				F29A4F61250F850C00B3E638 /* ComicCollectionViewCell.swift */,
			);
			path = Cell;
			sourceTree = "<group>";
		};
		F2C919512508E30000B65FDE /* Service */ = {
			isa = PBXGroup;
			children = (
				F2C919522508E32400B65FDE /* CharacterServiceType.swift */,
				F2C919542508E34500B65FDE /* CharacterService.swift */,
				F25A8A59250A00F400E28386 /* Authentication.swift */,
				F2B218B4250DF2A3007CB48F /* ComicServiceType.swift */,
				F2B218B6250DF2C5007CB48F /* ComicService.swift */,
			);
			path = Service;
			sourceTree = "<group>";
		};
/* End PBXGroup section */

/* Begin PBXNativeTarget section */
		F2951C112507990300B9EFE3 /* Mylivn */ = {
			isa = PBXNativeTarget;
			buildConfigurationList = F2951C3F2507990B00B9EFE3 /* Build configuration list for PBXNativeTarget "Mylivn" */;
			buildPhases = (
				F2951C0E2507990300B9EFE3 /* Sources */,
				F2951C0F2507990300B9EFE3 /* Frameworks */,
				F2951C102507990300B9EFE3 /* Resources */,
			);
			buildRules = (
			);
			dependencies = (
			);
			name = Mylivn;
			productName = Mylivn;
			productReference = F2951C122507990300B9EFE3 /* Mylivn.app */;
			productType = "com.apple.product-type.application";
		};
		F2951C2A2507990A00B9EFE3 /* MylivnTests */ = {
			isa = PBXNativeTarget;
			buildConfigurationList = F2951C422507990B00B9EFE3 /* Build configuration list for PBXNativeTarget "MylivnTests" */;
			buildPhases = (
				F2951C272507990A00B9EFE3 /* Sources */,
				F2951C282507990A00B9EFE3 /* Frameworks */,
				F2951C292507990A00B9EFE3 /* Resources */,
			);
			buildRules = (
			);
			dependencies = (
				F2951C2D2507990A00B9EFE3 /* PBXTargetDependency */,
			);
			name = MylivnTests;
			productName = MylivnTests;
			productReference = F2951C2B2507990A00B9EFE3 /* MylivnTests.xctest */;
			productType = "com.apple.product-type.bundle.unit-test";
		};
		F2951C352507990B00B9EFE3 /* MylivnUITests */ = {
			isa = PBXNativeTarget;
			buildConfigurationList = F2951C452507990B00B9EFE3 /* Build configuration list for PBXNativeTarget "MylivnUITests" */;
			buildPhases = (
				F2951C322507990B00B9EFE3 /* Sources */,
				F2951C332507990B00B9EFE3 /* Frameworks */,
				F2951C342507990B00B9EFE3 /* Resources */,
			);
			buildRules = (
			);
			dependencies = (
				F2951C382507990B00B9EFE3 /* PBXTargetDependency */,
			);
			name = MylivnUITests;
			productName = MylivnUITests;
			productReference = F2951C362507990B00B9EFE3 /* MylivnUITests.xctest */;
			productType = "com.apple.product-type.bundle.ui-testing";
		};
/* End PBXNativeTarget section */

/* Begin PBXProject section */
		F2951C0A2507990300B9EFE3 /* Project object */ = {
			isa = PBXProject;
			attributes = {
				LastSwiftUpdateCheck = 1160;
				LastUpgradeCheck = 1160;
				ORGANIZATIONNAME = "Dream Catcher";
				TargetAttributes = {
					F2951C112507990300B9EFE3 = {
						CreatedOnToolsVersion = 11.6;
					};
					F2951C2A2507990A00B9EFE3 = {
						CreatedOnToolsVersion = 11.6;
						TestTargetID = F2951C112507990300B9EFE3;
					};
					F2951C352507990B00B9EFE3 = {
						CreatedOnToolsVersion = 11.6;
						TestTargetID = F2951C112507990300B9EFE3;
					};
				};
			};
			buildConfigurationList = F2951C0D2507990300B9EFE3 /* Build configuration list for PBXProject "Mylivn" */;
			compatibilityVersion = "Xcode 9.3";
			developmentRegion = en;
			hasScannedForEncodings = 0;
			knownRegions = (
				en,
				Base,
			);
			mainGroup = F2951C092507990300B9EFE3;
			productRefGroup = F2951C132507990300B9EFE3 /* Products */;
			projectDirPath = "";
			projectRoot = "";
			targets = (
				F2951C112507990300B9EFE3 /* Mylivn */,
				F2951C2A2507990A00B9EFE3 /* MylivnTests */,
				F2951C352507990B00B9EFE3 /* MylivnUITests */,
			);
		};
/* End PBXProject section */

/* Begin PBXResourcesBuildPhase section */
		F2951C102507990300B9EFE3 /* Resources */ = {
			isa = PBXResourcesBuildPhase;
			buildActionMask = 2147483647;
			files = (
				F2951C252507990A00B9EFE3 /* LaunchScreen.storyboard in Resources */,
				F2951C222507990A00B9EFE3 /* Assets.xcassets in Resources */,
				F2951C1D2507990300B9EFE3 /* Main.storyboard in Resources */,
			);
			runOnlyForDeploymentPostprocessing = 0;
		};
		F2951C292507990A00B9EFE3 /* Resources */ = {
			isa = PBXResourcesBuildPhase;
			buildActionMask = 2147483647;
			files = (
				F27CE6092508A66000B402CE /* Comics.json in Resources */,
				F2D4C5652508C38B00899CDE /* Characters.json in Resources */,
			);
			runOnlyForDeploymentPostprocessing = 0;
		};
		F2951C342507990B00B9EFE3 /* Resources */ = {
			isa = PBXResourcesBuildPhase;
			buildActionMask = 2147483647;
			files = (
			);
			runOnlyForDeploymentPostprocessing = 0;
		};
/* End PBXResourcesBuildPhase section */

/* Begin PBXSourcesBuildPhase section */
		F2951C0E2507990300B9EFE3 /* Sources */ = {
			isa = PBXSourcesBuildPhase;
			buildActionMask = 2147483647;
			files = (
				F2951C1A2507990300B9EFE3 /* ViewController.swift in Sources */,
				F2951C5725079D9200B9EFE3 /* Comic+CoreDataClass.swift in Sources */,
				F2B218B0250DE8E8007CB48F /* ComicResult+CoreDataClass.swift in Sources */,
				F2951C162507990300B9EFE3 /* AppDelegate.swift in Sources */,
				F25A8A5A250A00F400E28386 /* Authentication.swift in Sources */,
				F2B218B7250DF2C5007CB48F /* ComicService.swift in Sources */,
				F29A4F60250F519400B3E638 /* CharacterCollectionViewCell.swift in Sources */,
				F2D4C5602508B4FF00899CDE /* CharacterResult+CoreDataClass.swift in Sources */,
				F2951C202507990300B9EFE3 /* Mylivn.xcdatamodeld in Sources */,
				F2B218B5250DF2A3007CB48F /* ComicServiceType.swift in Sources */,
				F2C919532508E32400B65FDE /* CharacterServiceType.swift in Sources */,
				F29A4F62250F850C00B3E638 /* ComicCollectionViewCell.swift in Sources */,
				F2883EAD2510940700B833F0 /* ViewModel.swift in Sources */,
				F2C919552508E34500B65FDE /* CharacterService.swift in Sources */,
				F2951C182507990300B9EFE3 /* SceneDelegate.swift in Sources */,
				F2951C5525079D9200B9EFE3 /* Character+CoreDataClass.swift in Sources */,
			);
			runOnlyForDeploymentPostprocessing = 0;
		};
		F2951C272507990A00B9EFE3 /* Sources */ = {
			isa = PBXSourcesBuildPhase;
			buildActionMask = 2147483647;
			files = (
				F2B218B3250DED67007CB48F /* ComicsTest.swift in Sources */,
				F2B218B9250E0B28007CB48F /* ComicServiceTest.swift in Sources */,
				F25A8A61250A147F00E28386 /* CharacterServiceTest.swift in Sources */,
				F27CE6032508A3E000B402CE /* InMemoryStore.swift in Sources */,
				F27CE6002508A33800B402CE /* CharactersTest.swift in Sources */,
				F25A8A5D250A084F00E28386 /* AuthenticationTest.swift in Sources */,
			);
			runOnlyForDeploymentPostprocessing = 0;
		};
		F2951C322507990B00B9EFE3 /* Sources */ = {
			isa = PBXSourcesBuildPhase;
			buildActionMask = 2147483647;
			files = (
				F2951C3B2507990B00B9EFE3 /* MylivnUITests.swift in Sources */,
			);
			runOnlyForDeploymentPostprocessing = 0;
		};
/* End PBXSourcesBuildPhase section */

/* Begin PBXTargetDependency section */
		F2951C2D2507990A00B9EFE3 /* PBXTargetDependency */ = {
			isa = PBXTargetDependency;
			target = F2951C112507990300B9EFE3 /* Mylivn */;
			targetProxy = F2951C2C2507990A00B9EFE3 /* PBXContainerItemProxy */;
		};
		F2951C382507990B00B9EFE3 /* PBXTargetDependency */ = {
			isa = PBXTargetDependency;
			target = F2951C112507990300B9EFE3 /* Mylivn */;
			targetProxy = F2951C372507990B00B9EFE3 /* PBXContainerItemProxy */;
		};
/* End PBXTargetDependency section */

/* Begin PBXVariantGroup section */
		F2951C1B2507990300B9EFE3 /* Main.storyboard */ = {
			isa = PBXVariantGroup;
			children = (
				F2951C1C2507990300B9EFE3 /* Base */,
			);
			name = Main.storyboard;
			sourceTree = "<group>";
		};
		F2951C232507990A00B9EFE3 /* LaunchScreen.storyboard */ = {
			isa = PBXVariantGroup;
			children = (
				F2951C242507990A00B9EFE3 /* Base */,
			);
			name = LaunchScreen.storyboard;
			sourceTree = "<group>";
		};
/* End PBXVariantGroup section */

/* Begin XCBuildConfiguration section */
		F2951C3D2507990B00B9EFE3 /* Debug */ = {
			isa = XCBuildConfiguration;
			buildSettings = {
				ALWAYS_SEARCH_USER_PATHS = NO;
				CLANG_ANALYZER_NONNULL = YES;
				CLANG_ANALYZER_NUMBER_OBJECT_CONVERSION = YES_AGGRESSIVE;
				CLANG_CXX_LANGUAGE_STANDARD = "gnu++14";
				CLANG_CXX_LIBRARY = "libc++";
				CLANG_ENABLE_MODULES = YES;
				CLANG_ENABLE_OBJC_ARC = YES;
				CLANG_ENABLE_OBJC_WEAK = YES;
				CLANG_WARN_BLOCK_CAPTURE_AUTORELEASING = YES;
				CLANG_WARN_BOOL_CONVERSION = YES;
				CLANG_WARN_COMMA = YES;
				CLANG_WARN_CONSTANT_CONVERSION = YES;
				CLANG_WARN_DEPRECATED_OBJC_IMPLEMENTATIONS = YES;
				CLANG_WARN_DIRECT_OBJC_ISA_USAGE = YES_ERROR;
				CLANG_WARN_DOCUMENTATION_COMMENTS = YES;
				CLANG_WARN_EMPTY_BODY = YES;
				CLANG_WARN_ENUM_CONVERSION = YES;
				CLANG_WARN_INFINITE_RECURSION = YES;
				CLANG_WARN_INT_CONVERSION = YES;
				CLANG_WARN_NON_LITERAL_NULL_CONVERSION = YES;
				CLANG_WARN_OBJC_IMPLICIT_RETAIN_SELF = YES;
				CLANG_WARN_OBJC_LITERAL_CONVERSION = YES;
				CLANG_WARN_OBJC_ROOT_CLASS = YES_ERROR;
				CLANG_WARN_RANGE_LOOP_ANALYSIS = YES;
				CLANG_WARN_STRICT_PROTOTYPES = YES;
				CLANG_WARN_SUSPICIOUS_MOVE = YES;
				CLANG_WARN_UNGUARDED_AVAILABILITY = YES_AGGRESSIVE;
				CLANG_WARN_UNREACHABLE_CODE = YES;
				CLANG_WARN__DUPLICATE_METHOD_MATCH = YES;
				COPY_PHASE_STRIP = NO;
				DEBUG_INFORMATION_FORMAT = dwarf;
				ENABLE_STRICT_OBJC_MSGSEND = YES;
				ENABLE_TESTABILITY = YES;
				GCC_C_LANGUAGE_STANDARD = gnu11;
				GCC_DYNAMIC_NO_PIC = NO;
				GCC_NO_COMMON_BLOCKS = YES;
				GCC_OPTIMIZATION_LEVEL = 0;
				GCC_PREPROCESSOR_DEFINITIONS = (
					"DEBUG=1",
					"$(inherited)",
				);
				GCC_WARN_64_TO_32_BIT_CONVERSION = YES;
				GCC_WARN_ABOUT_RETURN_TYPE = YES_ERROR;
				GCC_WARN_UNDECLARED_SELECTOR = YES;
				GCC_WARN_UNINITIALIZED_AUTOS = YES_AGGRESSIVE;
				GCC_WARN_UNUSED_FUNCTION = YES;
				GCC_WARN_UNUSED_VARIABLE = YES;
				IPHONEOS_DEPLOYMENT_TARGET = 13.6;
				MTL_ENABLE_DEBUG_INFO = INCLUDE_SOURCE;
				MTL_FAST_MATH = YES;
				ONLY_ACTIVE_ARCH = YES;
				SDKROOT = iphoneos;
				SWIFT_ACTIVE_COMPILATION_CONDITIONS = DEBUG;
				SWIFT_OPTIMIZATION_LEVEL = "-Onone";
			};
			name = Debug;
		};
		F2951C3E2507990B00B9EFE3 /* Release */ = {
			isa = XCBuildConfiguration;
			buildSettings = {
				ALWAYS_SEARCH_USER_PATHS = NO;
				CLANG_ANALYZER_NONNULL = YES;
				CLANG_ANALYZER_NUMBER_OBJECT_CONVERSION = YES_AGGRESSIVE;
				CLANG_CXX_LANGUAGE_STANDARD = "gnu++14";
				CLANG_CXX_LIBRARY = "libc++";
				CLANG_ENABLE_MODULES = YES;
				CLANG_ENABLE_OBJC_ARC = YES;
				CLANG_ENABLE_OBJC_WEAK = YES;
				CLANG_WARN_BLOCK_CAPTURE_AUTORELEASING = YES;
				CLANG_WARN_BOOL_CONVERSION = YES;
				CLANG_WARN_COMMA = YES;
				CLANG_WARN_CONSTANT_CONVERSION = YES;
				CLANG_WARN_DEPRECATED_OBJC_IMPLEMENTATIONS = YES;
				CLANG_WARN_DIRECT_OBJC_ISA_USAGE = YES_ERROR;
				CLANG_WARN_DOCUMENTATION_COMMENTS = YES;
				CLANG_WARN_EMPTY_BODY = YES;
				CLANG_WARN_ENUM_CONVERSION = YES;
				CLANG_WARN_INFINITE_RECURSION = YES;
				CLANG_WARN_INT_CONVERSION = YES;
				CLANG_WARN_NON_LITERAL_NULL_CONVERSION = YES;
				CLANG_WARN_OBJC_IMPLICIT_RETAIN_SELF = YES;
				CLANG_WARN_OBJC_LITERAL_CONVERSION = YES;
				CLANG_WARN_OBJC_ROOT_CLASS = YES_ERROR;
				CLANG_WARN_RANGE_LOOP_ANALYSIS = YES;
				CLANG_WARN_STRICT_PROTOTYPES = YES;
				CLANG_WARN_SUSPICIOUS_MOVE = YES;
				CLANG_WARN_UNGUARDED_AVAILABILITY = YES_AGGRESSIVE;
				CLANG_WARN_UNREACHABLE_CODE = YES;
				CLANG_WARN__DUPLICATE_METHOD_MATCH = YES;
				COPY_PHASE_STRIP = NO;
				DEBUG_INFORMATION_FORMAT = "dwarf-with-dsym";
				ENABLE_NS_ASSERTIONS = NO;
				ENABLE_STRICT_OBJC_MSGSEND = YES;
				GCC_C_LANGUAGE_STANDARD = gnu11;
				GCC_NO_COMMON_BLOCKS = YES;
				GCC_WARN_64_TO_32_BIT_CONVERSION = YES;
				GCC_WARN_ABOUT_RETURN_TYPE = YES_ERROR;
				GCC_WARN_UNDECLARED_SELECTOR = YES;
				GCC_WARN_UNINITIALIZED_AUTOS = YES_AGGRESSIVE;
				GCC_WARN_UNUSED_FUNCTION = YES;
				GCC_WARN_UNUSED_VARIABLE = YES;
				IPHONEOS_DEPLOYMENT_TARGET = 13.6;
				MTL_ENABLE_DEBUG_INFO = NO;
				MTL_FAST_MATH = YES;
				SDKROOT = iphoneos;
				SWIFT_COMPILATION_MODE = wholemodule;
				SWIFT_OPTIMIZATION_LEVEL = "-O";
				VALIDATE_PRODUCT = YES;
			};
			name = Release;
		};
		F2951C402507990B00B9EFE3 /* Debug */ = {
			isa = XCBuildConfiguration;
			buildSettings = {
				ASSETCATALOG_COMPILER_APPICON_NAME = AppIcon;
				CODE_SIGN_STYLE = Automatic;
				DEVELOPMENT_TEAM = N9VZPP2C5Z;
				INFOPLIST_FILE = Mylivn/Info.plist;
				IPHONEOS_DEPLOYMENT_TARGET = 13.5;
				LD_RUNPATH_SEARCH_PATHS = (
					"$(inherited)",
					"@executable_path/Frameworks",
				);
				PRODUCT_BUNDLE_IDENTIFIER = com.dreamcatcher.Mylivn;
				PRODUCT_NAME = "$(TARGET_NAME)";
				SWIFT_VERSION = 5.0;
				TARGETED_DEVICE_FAMILY = 1;
			};
			name = Debug;
		};
		F2951C412507990B00B9EFE3 /* Release */ = {
			isa = XCBuildConfiguration;
			buildSettings = {
				ASSETCATALOG_COMPILER_APPICON_NAME = AppIcon;
				CODE_SIGN_STYLE = Automatic;
				DEVELOPMENT_TEAM = N9VZPP2C5Z;
				INFOPLIST_FILE = Mylivn/Info.plist;
				IPHONEOS_DEPLOYMENT_TARGET = 13.5;
				LD_RUNPATH_SEARCH_PATHS = (
					"$(inherited)",
					"@executable_path/Frameworks",
				);
				PRODUCT_BUNDLE_IDENTIFIER = com.dreamcatcher.Mylivn;
				PRODUCT_NAME = "$(TARGET_NAME)";
				SWIFT_VERSION = 5.0;
				TARGETED_DEVICE_FAMILY = 1;
			};
			name = Release;
		};
		F2951C432507990B00B9EFE3 /* Debug */ = {
			isa = XCBuildConfiguration;
			buildSettings = {
				ALWAYS_EMBED_SWIFT_STANDARD_LIBRARIES = YES;
				BUNDLE_LOADER = "$(TEST_HOST)";
				CODE_SIGN_STYLE = Automatic;
				DEVELOPMENT_TEAM = 8W28R8275P;
				INFOPLIST_FILE = MylivnTests/Info.plist;
				IPHONEOS_DEPLOYMENT_TARGET = 13.6;
				LD_RUNPATH_SEARCH_PATHS = (
					"$(inherited)",
					"@executable_path/Frameworks",
					"@loader_path/Frameworks",
				);
				PRODUCT_BUNDLE_IDENTIFIER = com.dreamcatcher.MylivnTests;
				PRODUCT_NAME = "$(TARGET_NAME)";
				SWIFT_VERSION = 5.0;
				TARGETED_DEVICE_FAMILY = "1,2";
				TEST_HOST = "$(BUILT_PRODUCTS_DIR)/Mylivn.app/Mylivn";
			};
			name = Debug;
		};
		F2951C442507990B00B9EFE3 /* Release */ = {
			isa = XCBuildConfiguration;
			buildSettings = {
				ALWAYS_EMBED_SWIFT_STANDARD_LIBRARIES = YES;
				BUNDLE_LOADER = "$(TEST_HOST)";
				CODE_SIGN_STYLE = Automatic;
				DEVELOPMENT_TEAM = 8W28R8275P;
				INFOPLIST_FILE = MylivnTests/Info.plist;
				IPHONEOS_DEPLOYMENT_TARGET = 13.6;
				LD_RUNPATH_SEARCH_PATHS = (
					"$(inherited)",
					"@executable_path/Frameworks",
					"@loader_path/Frameworks",
				);
				PRODUCT_BUNDLE_IDENTIFIER = com.dreamcatcher.MylivnTests;
				PRODUCT_NAME = "$(TARGET_NAME)";
				SWIFT_VERSION = 5.0;
				TARGETED_DEVICE_FAMILY = "1,2";
				TEST_HOST = "$(BUILT_PRODUCTS_DIR)/Mylivn.app/Mylivn";
			};
			name = Release;
		};
		F2951C462507990B00B9EFE3 /* Debug */ = {
			isa = XCBuildConfiguration;
			buildSettings = {
				ALWAYS_EMBED_SWIFT_STANDARD_LIBRARIES = YES;
				CODE_SIGN_STYLE = Automatic;
				DEVELOPMENT_TEAM = 8W28R8275P;
				INFOPLIST_FILE = MylivnUITests/Info.plist;
				LD_RUNPATH_SEARCH_PATHS = (
					"$(inherited)",
					"@executable_path/Frameworks",
					"@loader_path/Frameworks",
				);
				PRODUCT_BUNDLE_IDENTIFIER = com.dreamcatcher.MylivnUITests;
				PRODUCT_NAME = "$(TARGET_NAME)";
				SWIFT_VERSION = 5.0;
				TARGETED_DEVICE_FAMILY = "1,2";
				TEST_TARGET_NAME = Mylivn;
			};
			name = Debug;
		};
		F2951C472507990B00B9EFE3 /* Release */ = {
			isa = XCBuildConfiguration;
			buildSettings = {
				ALWAYS_EMBED_SWIFT_STANDARD_LIBRARIES = YES;
				CODE_SIGN_STYLE = Automatic;
				DEVELOPMENT_TEAM = 8W28R8275P;
				INFOPLIST_FILE = MylivnUITests/Info.plist;
				LD_RUNPATH_SEARCH_PATHS = (
					"$(inherited)",
					"@executable_path/Frameworks",
					"@loader_path/Frameworks",
				);
				PRODUCT_BUNDLE_IDENTIFIER = com.dreamcatcher.MylivnUITests;
				PRODUCT_NAME = "$(TARGET_NAME)";
				SWIFT_VERSION = 5.0;
				TARGETED_DEVICE_FAMILY = "1,2";
				TEST_TARGET_NAME = Mylivn;
			};
			name = Release;
		};
/* End XCBuildConfiguration section */

/* Begin XCConfigurationList section */
		F2951C0D2507990300B9EFE3 /* Build configuration list for PBXProject "Mylivn" */ = {
			isa = XCConfigurationList;
			buildConfigurations = (
				F2951C3D2507990B00B9EFE3 /* Debug */,
				F2951C3E2507990B00B9EFE3 /* Release */,
			);
			defaultConfigurationIsVisible = 0;
			defaultConfigurationName = Release;
		};
		F2951C3F2507990B00B9EFE3 /* Build configuration list for PBXNativeTarget "Mylivn" */ = {
			isa = XCConfigurationList;
			buildConfigurations = (
				F2951C402507990B00B9EFE3 /* Debug */,
				F2951C412507990B00B9EFE3 /* Release */,
			);
			defaultConfigurationIsVisible = 0;
			defaultConfigurationName = Release;
		};
		F2951C422507990B00B9EFE3 /* Build configuration list for PBXNativeTarget "MylivnTests" */ = {
			isa = XCConfigurationList;
			buildConfigurations = (
				F2951C432507990B00B9EFE3 /* Debug */,
				F2951C442507990B00B9EFE3 /* Release */,
			);
			defaultConfigurationIsVisible = 0;
			defaultConfigurationName = Release;
		};
		F2951C452507990B00B9EFE3 /* Build configuration list for PBXNativeTarget "MylivnUITests" */ = {
			isa = XCConfigurationList;
			buildConfigurations = (
				F2951C462507990B00B9EFE3 /* Debug */,
				F2951C472507990B00B9EFE3 /* Release */,
			);
			defaultConfigurationIsVisible = 0;
			defaultConfigurationName = Release;
		};
/* End XCConfigurationList section */

/* Begin XCVersionGroup section */
		F2951C1E2507990300B9EFE3 /* Mylivn.xcdatamodeld */ = {
			isa = XCVersionGroup;
			children = (
				F2951C1F2507990300B9EFE3 /* Mylivn.xcdatamodel */,
			);
			currentVersion = F2951C1F2507990300B9EFE3 /* Mylivn.xcdatamodel */;
			path = Mylivn.xcdatamodeld;
			sourceTree = "<group>";
			versionGroupType = wrapper.xcdatamodel;
		};
/* End XCVersionGroup section */
	};
	rootObject = F2951C0A2507990300B9EFE3 /* Project object */;
}
